
Microsoft Visual Studio Solution File, Format Version 12.00
# Visual Studio Version 16
VisualStudioVersion = 16.0.33328.57
MinimumVisualStudioVersion = 10.0.40219.1
Project("{FAE04EC0-301F-11D3-BF4B-00C04F79EFBC}") = "TrackerLibrary", "TrackerLibrary\TrackerLibrary.csproj", "{D96BF826-F740-4F51-823A-AD3CB6772A14}"
EndProject
Project("{FAE04EC0-301F-11D3-BF4B-00C04F79EFBC}") = "TrackerUI", "TrackerUI\TrackerUI.csproj", "{A7768DB3-C029-4DEB-8656-A4FB754FFF84}"
EndProject
Global
	GlobalSection(SolutionConfigurationPlatforms) = preSolution
		Debug|Any CPU = Debug|Any CPU
		Release|Any CPU = Release|Any CPU
	EndGlobalSection
	GlobalSection(ProjectConfigurationPlatforms) = postSolution
		{D96BF826-F740-4F51-823A-AD3CB6772A14}.Debug|Any CPU.ActiveCfg = Debug|Any CPU
		{D96BF826-F740-4F51-823A-AD3CB6772A14}.Debug|Any CPU.Build.0 = Debug|Any CPU
		{D96BF826-F740-4F51-823A-AD3CB6772A14}.Release|Any CPU.ActiveCfg = Release|Any CPU
		{D96BF826-F740-4F51-823A-AD3CB6772A14}.Release|Any CPU.Build.0 = Release|Any CPU
		{A7768DB3-C029-4DEB-8656-A4FB754FFF84}.Debug|Any CPU.ActiveCfg = Debug|Any CPU
		{A7768DB3-C029-4DEB-8656-A4FB754FFF84}.Debug|Any CPU.Build.0 = Debug|Any CPU
		{A7768DB3-C029-4DEB-8656-A4FB754FFF84}.Release|Any CPU.ActiveCfg = Release|Any CPU
		{A7768DB3-C029-4DEB-8656-A4FB754FFF84}.Release|Any CPU.Build.0 = Release|Any CPU
	EndGlobalSection
	GlobalSection(SolutionProperties) = preSolution
		HideSolutionNode = FALSE
	EndGlobalSection
	GlobalSection(ExtensibilityGlobals) = postSolution
		SolutionGuid = {F8C13C5C-0280-460E-A5E3-AB8DE6CAA181}
	EndGlobalSection
EndGlobal
